
Microsoft Visual Studio Solution File, Format Version 12.00
# Visual Studio Version 17
VisualStudioVersion = 17.9.34723.18
MinimumVisualStudioVersion = 10.0.40219.1
Project("{9A19103F-16F7-4668-BE54-9A1E7A4F7556}") = "Domain", "Domain\Domain.csproj", "{2C663AD4-58EB-46B0-A860-8D55E8E13403}"
EndProject
Project("{9A19103F-16F7-4668-BE54-9A1E7A4F7556}") = "Application", "Application\Application.csproj", "{475EDCB3-07FC-4A1C-A01C-F33843CF8865}"
EndProject
Project("{9A19103F-16F7-4668-BE54-9A1E7A4F7556}") = "Infra_Data", "Infra_Data\Infra_Data.csproj", "{2AFDD99F-BC42-4B2C-8EE2-05F59D213FAC}"
EndProject
Project("{9A19103F-16F7-4668-BE54-9A1E7A4F7556}") = "Infra_Ioc", "Infra_Ioc\Infra_Ioc.csproj", "{3A0EE54E-B6C8-48F6-AFA6-2AC03000A79D}"
EndProject
Project("{9A19103F-16F7-4668-BE54-9A1E7A4F7556}") = "WebUI", "WebUI\WebUI.csproj", "{5AF25A5A-4197-49B5-BF22-F6FF7598907D}"
EndProject
Project("{9A19103F-16F7-4668-BE54-9A1E7A4F7556}") = "FluentValidations", "FluentValidations\FluentValidations.csproj", "{82D87521-1466-4885-8EBE-FDC3D4E27467}"
EndProject
Project("{9A19103F-16F7-4668-BE54-9A1E7A4F7556}") = "UnitTests", "UnitTests\UnitTests.csproj", "{98D9276A-B0B1-40FB-BEBD-46781F5BF406}"
EndProject
Global
	GlobalSection(SolutionConfigurationPlatforms) = preSolution
		Debug|Any CPU = Debug|Any CPU
		Release|Any CPU = Release|Any CPU
	EndGlobalSection
	GlobalSection(ProjectConfigurationPlatforms) = postSolution
		{2C663AD4-58EB-46B0-A860-8D55E8E13403}.Debug|Any CPU.ActiveCfg = Debug|Any CPU
		{2C663AD4-58EB-46B0-A860-8D55E8E13403}.Debug|Any CPU.Build.0 = Debug|Any CPU
		{2C663AD4-58EB-46B0-A860-8D55E8E13403}.Release|Any CPU.ActiveCfg = Release|Any CPU
		{2C663AD4-58EB-46B0-A860-8D55E8E13403}.Release|Any CPU.Build.0 = Release|Any CPU
		{475EDCB3-07FC-4A1C-A01C-F33843CF8865}.Debug|Any CPU.ActiveCfg = Debug|Any CPU
		{475EDCB3-07FC-4A1C-A01C-F33843CF8865}.Debug|Any CPU.Build.0 = Debug|Any CPU
		{475EDCB3-07FC-4A1C-A01C-F33843CF8865}.Release|Any CPU.ActiveCfg = Release|Any CPU
		{475EDCB3-07FC-4A1C-A01C-F33843CF8865}.Release|Any CPU.Build.0 = Release|Any CPU
		{2AFDD99F-BC42-4B2C-8EE2-05F59D213FAC}.Debug|Any CPU.ActiveCfg = Debug|Any CPU
		{2AFDD99F-BC42-4B2C-8EE2-05F59D213FAC}.Debug|Any CPU.Build.0 = Debug|Any CPU
		{2AFDD99F-BC42-4B2C-8EE2-05F59D213FAC}.Release|Any CPU.ActiveCfg = Release|Any CPU
		{2AFDD99F-BC42-4B2C-8EE2-05F59D213FAC}.Release|Any CPU.Build.0 = Release|Any CPU
		{3A0EE54E-B6C8-48F6-AFA6-2AC03000A79D}.Debug|Any CPU.ActiveCfg = Debug|Any CPU
		{3A0EE54E-B6C8-48F6-AFA6-2AC03000A79D}.Debug|Any CPU.Build.0 = Debug|Any CPU
		{3A0EE54E-B6C8-48F6-AFA6-2AC03000A79D}.Release|Any CPU.ActiveCfg = Release|Any CPU
		{3A0EE54E-B6C8-48F6-AFA6-2AC03000A79D}.Release|Any CPU.Build.0 = Release|Any CPU
		{5AF25A5A-4197-49B5-BF22-F6FF7598907D}.Debug|Any CPU.ActiveCfg = Debug|Any CPU
		{5AF25A5A-4197-49B5-BF22-F6FF7598907D}.Debug|Any CPU.Build.0 = Debug|Any CPU
		{5AF25A5A-4197-49B5-BF22-F6FF7598907D}.Release|Any CPU.ActiveCfg = Release|Any CPU
		{5AF25A5A-4197-49B5-BF22-F6FF7598907D}.Release|Any CPU.Build.0 = Release|Any CPU
		{82D87521-1466-4885-8EBE-FDC3D4E27467}.Debug|Any CPU.ActiveCfg = Debug|Any CPU
		{82D87521-1466-4885-8EBE-FDC3D4E27467}.Debug|Any CPU.Build.0 = Debug|Any CPU
		{82D87521-1466-4885-8EBE-FDC3D4E27467}.Release|Any CPU.ActiveCfg = Release|Any CPU
		{82D87521-1466-4885-8EBE-FDC3D4E27467}.Release|Any CPU.Build.0 = Release|Any CPU
		{98D9276A-B0B1-40FB-BEBD-46781F5BF406}.Debug|Any CPU.ActiveCfg = Debug|Any CPU
		{98D9276A-B0B1-40FB-BEBD-46781F5BF406}.Debug|Any CPU.Build.0 = Debug|Any CPU
		{98D9276A-B0B1-40FB-BEBD-46781F5BF406}.Release|Any CPU.ActiveCfg = Release|Any CPU
		{98D9276A-B0B1-40FB-BEBD-46781F5BF406}.Release|Any CPU.Build.0 = Release|Any CPU
	EndGlobalSection
	GlobalSection(SolutionProperties) = preSolution
		HideSolutionNode = FALSE
	EndGlobalSection
	GlobalSection(ExtensibilityGlobals) = postSolution
		SolutionGuid = {5B3AEF3E-F290-4A5C-9E3F-7127A7EA05C0}
	EndGlobalSection
EndGlobal
